// !$*UTF8*$!
{
	archiveVersion = 1;
	classes = {
	};
	objectVersion = 56;
	objects = {

/* Begin PBXBuildFile section */
		0D4E4FB92A3F9C6A004CA3D4 /* WordListViewModel.swift in Sources */ = {isa = PBXBuildFile; fileRef = 0D4E4FB82A3F9C6A004CA3D4 /* WordListViewModel.swift */; };
		0D4E4FBC2A3FA176004CA3D4 /* DIContainer in Frameworks */ = {isa = PBXBuildFile; productRef = 0D4E4FBB2A3FA176004CA3D4 /* DIContainer */; };
		0D4E4FBE2A3FA19A004CA3D4 /* Dependencies.swift in Sources */ = {isa = PBXBuildFile; fileRef = 0D4E4FBD2A3FA19A004CA3D4 /* Dependencies.swift */; };
		0D4E4FC22A3FAC72004CA3D4 /* ApplicationError.swift in Sources */ = {isa = PBXBuildFile; fileRef = 0D4E4FC12A3FAC72004CA3D4 /* ApplicationError.swift */; };
		0DAA9CD22A3EEF2300AB7F5A /* String+Words.swift in Sources */ = {isa = PBXBuildFile; fileRef = 0DAA9CD12A3EEF2200AB7F5A /* String+Words.swift */; };
		0DDDD78D2A3DC85600CC0F12 /* AppDelegate.swift in Sources */ = {isa = PBXBuildFile; fileRef = 0DDDD78C2A3DC85600CC0F12 /* AppDelegate.swift */; };
		0DDDD78F2A3DC85600CC0F12 /* SceneDelegate.swift in Sources */ = {isa = PBXBuildFile; fileRef = 0DDDD78E2A3DC85600CC0F12 /* SceneDelegate.swift */; };
		0DDDD7962A3DC85800CC0F12 /* Assets.xcassets in Resources */ = {isa = PBXBuildFile; fileRef = 0DDDD7952A3DC85800CC0F12 /* Assets.xcassets */; };
		0DDDD7992A3DC85800CC0F12 /* LaunchScreen.storyboard in Resources */ = {isa = PBXBuildFile; fileRef = 0DDDD7972A3DC85800CC0F12 /* LaunchScreen.storyboard */; };
		0DDDD7A22A3DD34A00CC0F12 /* DataProvider.swift in Sources */ = {isa = PBXBuildFile; fileRef = 0DDDD7A12A3DD34A00CC0F12 /* DataProvider.swift */; };
		0DDDD7A42A3DD47E00CC0F12 /* StorageService.swift in Sources */ = {isa = PBXBuildFile; fileRef = 0DDDD7A32A3DD47E00CC0F12 /* StorageService.swift */; };
		0DDDD7A82A3DECAB00CC0F12 /* Coordinator.swift in Sources */ = {isa = PBXBuildFile; fileRef = 0DDDD7A72A3DECAB00CC0F12 /* Coordinator.swift */; };
		0DDDD7AB2A3DF32B00CC0F12 /* AppCoordinator.swift in Sources */ = {isa = PBXBuildFile; fileRef = 0DDDD7AA2A3DF32B00CC0F12 /* AppCoordinator.swift */; };
		0DDDD7B02A3DF63B00CC0F12 /* WordListViewController.swift in Sources */ = {isa = PBXBuildFile; fileRef = 0DDDD7AF2A3DF63B00CC0F12 /* WordListViewController.swift */; };
		0DDDD7B22A3DF89500CC0F12 /* WordListModel.swift in Sources */ = {isa = PBXBuildFile; fileRef = 0DDDD7B12A3DF89500CC0F12 /* WordListModel.swift */; };
		0DDDD7B42A3E03F700CC0F12 /* DefaultTableViewCell.swift in Sources */ = {isa = PBXBuildFile; fileRef = 0DDDD7B32A3E03F700CC0F12 /* DefaultTableViewCell.swift */; };
		0DDDD7B62A3E0B6300CC0F12 /* SortingMethod.swift in Sources */ = {isa = PBXBuildFile; fileRef = 0DDDD7B52A3E0B6300CC0F12 /* SortingMethod.swift */; };
		0DDDD7B82A3E20AD00CC0F12 /* Romeo-and-Juliet.txt in Resources */ = {isa = PBXBuildFile; fileRef = 0DDDD7B72A3E20AD00CC0F12 /* Romeo-and-Juliet.txt */; };
		0DF414972A41824800B69785 /* MainFlowCoordinator.swift in Sources */ = {isa = PBXBuildFile; fileRef = 0DF414912A41821400B69785 /* MainFlowCoordinator.swift */; };
		0DF414A02A4182E200B69785 /* AppDelegate.swift in Sources */ = {isa = PBXBuildFile; fileRef = 0DDDD78C2A3DC85600CC0F12 /* AppDelegate.swift */; };
		0DF414A12A4182E200B69785 /* Dependencies.swift in Sources */ = {isa = PBXBuildFile; fileRef = 0D4E4FBD2A3FA19A004CA3D4 /* Dependencies.swift */; };
		0DF414A22A4182E200B69785 /* String+Words.swift in Sources */ = {isa = PBXBuildFile; fileRef = 0DAA9CD12A3EEF2200AB7F5A /* String+Words.swift */; };
		0DF414A62A4182E200B69785 /* Coordinator.swift in Sources */ = {isa = PBXBuildFile; fileRef = 0DDDD7A72A3DECAB00CC0F12 /* Coordinator.swift */; };
		0DF414A72A4182E200B69785 /* SortingMethod.swift in Sources */ = {isa = PBXBuildFile; fileRef = 0DDDD7B52A3E0B6300CC0F12 /* SortingMethod.swift */; };
		0DF414A82A4182E200B69785 /* DataProvider.swift in Sources */ = {isa = PBXBuildFile; fileRef = 0DDDD7A12A3DD34A00CC0F12 /* DataProvider.swift */; };
		0DF414AA2A4182E200B69785 /* SceneDelegate.swift in Sources */ = {isa = PBXBuildFile; fileRef = 0DDDD78E2A3DC85600CC0F12 /* SceneDelegate.swift */; };
		0DF414AB2A4182E200B69785 /* StorageService.swift in Sources */ = {isa = PBXBuildFile; fileRef = 0DDDD7A32A3DD47E00CC0F12 /* StorageService.swift */; };
		0DF414AC2A4182E200B69785 /* AppCoordinator.swift in Sources */ = {isa = PBXBuildFile; fileRef = 0DDDD7AA2A3DF32B00CC0F12 /* AppCoordinator.swift */; };
		0DF414AD2A4182E200B69785 /* ApplicationError.swift in Sources */ = {isa = PBXBuildFile; fileRef = 0D4E4FC12A3FAC72004CA3D4 /* ApplicationError.swift */; };
		0DF414AF2A4182E200B69785 /* DIContainer in Frameworks */ = {isa = PBXBuildFile; productRef = 0DF4149C2A4182E200B69785 /* DIContainer */; };
		0DF414B22A4182E200B69785 /* Assets.xcassets in Resources */ = {isa = PBXBuildFile; fileRef = 0DDDD7952A3DC85800CC0F12 /* Assets.xcassets */; };
		0DF414B32A4182E200B69785 /* Romeo-and-Juliet.txt in Resources */ = {isa = PBXBuildFile; fileRef = 0DDDD7B72A3E20AD00CC0F12 /* Romeo-and-Juliet.txt */; };
		0DF414C12A41913600B69785 /* NetworkService.swift in Sources */ = {isa = PBXBuildFile; fileRef = 0DF414C02A41913600B69785 /* NetworkService.swift */; };
		0DF414C22A41913600B69785 /* NetworkService.swift in Sources */ = {isa = PBXBuildFile; fileRef = 0DF414C02A41913600B69785 /* NetworkService.swift */; };
		0DF414C42A4191A000B69785 /* API.swift in Sources */ = {isa = PBXBuildFile; fileRef = 0DF414C32A4191A000B69785 /* API.swift */; };
		0DF414C52A4191A000B69785 /* API.swift in Sources */ = {isa = PBXBuildFile; fileRef = 0DF414C32A4191A000B69785 /* API.swift */; };
		0DF414CC2A41929E00B69785 /* ApiRequest.swift in Sources */ = {isa = PBXBuildFile; fileRef = 0DF414C62A41929D00B69785 /* ApiRequest.swift */; };
		0DF414CD2A41929E00B69785 /* ApiRequest.swift in Sources */ = {isa = PBXBuildFile; fileRef = 0DF414C62A41929D00B69785 /* ApiRequest.swift */; };
		0DF414CE2A41929E00B69785 /* ApiResponseStatus.swift in Sources */ = {isa = PBXBuildFile; fileRef = 0DF414C72A41929D00B69785 /* ApiResponseStatus.swift */; };
		0DF414CF2A41929E00B69785 /* ApiResponseStatus.swift in Sources */ = {isa = PBXBuildFile; fileRef = 0DF414C72A41929D00B69785 /* ApiResponseStatus.swift */; };
		0DF414D02A41929E00B69785 /* HTTPStatusCode.swift in Sources */ = {isa = PBXBuildFile; fileRef = 0DF414C82A41929D00B69785 /* HTTPStatusCode.swift */; };
		0DF414D12A41929E00B69785 /* HTTPStatusCode.swift in Sources */ = {isa = PBXBuildFile; fileRef = 0DF414C82A41929D00B69785 /* HTTPStatusCode.swift */; };
		0DF414D22A41929E00B69785 /* HTTPMethod.swift in Sources */ = {isa = PBXBuildFile; fileRef = 0DF414C92A41929D00B69785 /* HTTPMethod.swift */; };
		0DF414D32A41929E00B69785 /* HTTPMethod.swift in Sources */ = {isa = PBXBuildFile; fileRef = 0DF414C92A41929D00B69785 /* HTTPMethod.swift */; };
		0DF414D42A41929E00B69785 /* RequestManager.swift in Sources */ = {isa = PBXBuildFile; fileRef = 0DF414CA2A41929E00B69785 /* RequestManager.swift */; };
		0DF414D52A41929E00B69785 /* RequestManager.swift in Sources */ = {isa = PBXBuildFile; fileRef = 0DF414CA2A41929E00B69785 /* RequestManager.swift */; };
		0DF414EA2A419E7C00B69785 /* MusicAlbumsListViewController.swift in Sources */ = {isa = PBXBuildFile; fileRef = 0DF414DE2A419E0100B69785 /* MusicAlbumsListViewController.swift */; };
		0DF414EB2A419E7C00B69785 /* MusicAlbumsListViewModel.swift in Sources */ = {isa = PBXBuildFile; fileRef = 0DF414DF2A419E0100B69785 /* MusicAlbumsListViewModel.swift */; };
		0DF414EC2A419E7C00B69785 /* MusicAlbumsListModel.swift in Sources */ = {isa = PBXBuildFile; fileRef = 0DF414E12A419E0100B69785 /* MusicAlbumsListModel.swift */; };
		0DF414ED2A419E7C00B69785 /* MusicAlbumTableViewCell.swift in Sources */ = {isa = PBXBuildFile; fileRef = 0DF414E02A419E0100B69785 /* MusicAlbumTableViewCell.swift */; };
		0DF414EE2A41A68300B69785 /* MainFlowCoordinator.swift in Sources */ = {isa = PBXBuildFile; fileRef = 0DF414922A41821400B69785 /* MainFlowCoordinator.swift */; };
		0DF414F02A41B77600B69785 /* sample.json in Resources */ = {isa = PBXBuildFile; fileRef = 0DF414EF2A41B77600B69785 /* sample.json */; };
		0DF414F52A424A5E00B69785 /* LaunchScreen.storyboard in Resources */ = {isa = PBXBuildFile; fileRef = 0DF414F32A424A5200B69785 /* LaunchScreen.storyboard */; };
/* End PBXBuildFile section */

/* Begin PBXFileReference section */
		0D4E4FB82A3F9C6A004CA3D4 /* WordListViewModel.swift */ = {isa = PBXFileReference; lastKnownFileType = sourcecode.swift; path = WordListViewModel.swift; sourceTree = "<group>"; };
		0D4E4FBD2A3FA19A004CA3D4 /* Dependencies.swift */ = {isa = PBXFileReference; lastKnownFileType = sourcecode.swift; path = Dependencies.swift; sourceTree = "<group>"; };
		0D4E4FC12A3FAC72004CA3D4 /* ApplicationError.swift */ = {isa = PBXFileReference; lastKnownFileType = sourcecode.swift; path = ApplicationError.swift; sourceTree = "<group>"; };
		0DAA9CD12A3EEF2200AB7F5A /* String+Words.swift */ = {isa = PBXFileReference; lastKnownFileType = sourcecode.swift; path = "String+Words.swift"; sourceTree = "<group>"; };
		0DDDD7892A3DC85600CC0F12 /* TeladocQ1.app */ = {isa = PBXFileReference; explicitFileType = wrapper.application; includeInIndex = 0; path = TeladocQ1.app; sourceTree = BUILT_PRODUCTS_DIR; };
		0DDDD78C2A3DC85600CC0F12 /* AppDelegate.swift */ = {isa = PBXFileReference; lastKnownFileType = sourcecode.swift; path = AppDelegate.swift; sourceTree = "<group>"; };
		0DDDD78E2A3DC85600CC0F12 /* SceneDelegate.swift */ = {isa = PBXFileReference; lastKnownFileType = sourcecode.swift; path = SceneDelegate.swift; sourceTree = "<group>"; };
		0DDDD7952A3DC85800CC0F12 /* Assets.xcassets */ = {isa = PBXFileReference; lastKnownFileType = folder.assetcatalog; path = Assets.xcassets; sourceTree = "<group>"; };
		0DDDD7982A3DC85800CC0F12 /* Base */ = {isa = PBXFileReference; lastKnownFileType = file.storyboard; name = Base; path = Base.lproj/LaunchScreen.storyboard; sourceTree = "<group>"; };
		0DDDD79A2A3DC85800CC0F12 /* Info.plist */ = {isa = PBXFileReference; lastKnownFileType = text.plist.xml; path = Info.plist; sourceTree = "<group>"; };
		0DDDD7A12A3DD34A00CC0F12 /* DataProvider.swift */ = {isa = PBXFileReference; lastKnownFileType = sourcecode.swift; path = DataProvider.swift; sourceTree = "<group>"; };
		0DDDD7A32A3DD47E00CC0F12 /* StorageService.swift */ = {isa = PBXFileReference; lastKnownFileType = sourcecode.swift; path = StorageService.swift; sourceTree = "<group>"; };
		0DDDD7A72A3DECAB00CC0F12 /* Coordinator.swift */ = {isa = PBXFileReference; lastKnownFileType = sourcecode.swift; path = Coordinator.swift; sourceTree = "<group>"; };
		0DDDD7AA2A3DF32B00CC0F12 /* AppCoordinator.swift */ = {isa = PBXFileReference; lastKnownFileType = sourcecode.swift; path = AppCoordinator.swift; sourceTree = "<group>"; };
		0DDDD7AF2A3DF63B00CC0F12 /* WordListViewController.swift */ = {isa = PBXFileReference; lastKnownFileType = sourcecode.swift; path = WordListViewController.swift; sourceTree = "<group>"; };
		0DDDD7B12A3DF89500CC0F12 /* WordListModel.swift */ = {isa = PBXFileReference; lastKnownFileType = sourcecode.swift; path = WordListModel.swift; sourceTree = "<group>"; };
		0DDDD7B32A3E03F700CC0F12 /* DefaultTableViewCell.swift */ = {isa = PBXFileReference; lastKnownFileType = sourcecode.swift; path = DefaultTableViewCell.swift; sourceTree = "<group>"; };
		0DDDD7B52A3E0B6300CC0F12 /* SortingMethod.swift */ = {isa = PBXFileReference; lastKnownFileType = sourcecode.swift; path = SortingMethod.swift; sourceTree = "<group>"; };
		0DDDD7B72A3E20AD00CC0F12 /* Romeo-and-Juliet.txt */ = {isa = PBXFileReference; fileEncoding = 4; lastKnownFileType = text; path = "Romeo-and-Juliet.txt"; sourceTree = "<group>"; };
		0DF414912A41821400B69785 /* MainFlowCoordinator.swift */ = {isa = PBXFileReference; lastKnownFileType = sourcecode.swift; path = MainFlowCoordinator.swift; sourceTree = "<group>"; };
		0DF414922A41821400B69785 /* MainFlowCoordinator.swift */ = {isa = PBXFileReference; lastKnownFileType = sourcecode.swift; path = MainFlowCoordinator.swift; sourceTree = "<group>"; };
		0DF414B82A4182E200B69785 /* TeladocQ2.app */ = {isa = PBXFileReference; explicitFileType = wrapper.application; includeInIndex = 0; path = TeladocQ2.app; sourceTree = BUILT_PRODUCTS_DIR; };
		0DF414BA2A4183EF00B69785 /* TeladocQ2_Info.plist */ = {isa = PBXFileReference; lastKnownFileType = text.plist.xml; path = TeladocQ2_Info.plist; sourceTree = "<group>"; };
		0DF414C02A41913600B69785 /* NetworkService.swift */ = {isa = PBXFileReference; lastKnownFileType = sourcecode.swift; path = NetworkService.swift; sourceTree = "<group>"; };
		0DF414C32A4191A000B69785 /* API.swift */ = {isa = PBXFileReference; lastKnownFileType = sourcecode.swift; path = API.swift; sourceTree = "<group>"; };
		0DF414C62A41929D00B69785 /* ApiRequest.swift */ = {isa = PBXFileReference; fileEncoding = 4; lastKnownFileType = sourcecode.swift; path = ApiRequest.swift; sourceTree = "<group>"; };
		0DF414C72A41929D00B69785 /* ApiResponseStatus.swift */ = {isa = PBXFileReference; fileEncoding = 4; lastKnownFileType = sourcecode.swift; path = ApiResponseStatus.swift; sourceTree = "<group>"; };
		0DF414C82A41929D00B69785 /* HTTPStatusCode.swift */ = {isa = PBXFileReference; fileEncoding = 4; lastKnownFileType = sourcecode.swift; path = HTTPStatusCode.swift; sourceTree = "<group>"; };
		0DF414C92A41929D00B69785 /* HTTPMethod.swift */ = {isa = PBXFileReference; fileEncoding = 4; lastKnownFileType = sourcecode.swift; path = HTTPMethod.swift; sourceTree = "<group>"; };
		0DF414CA2A41929E00B69785 /* RequestManager.swift */ = {isa = PBXFileReference; fileEncoding = 4; lastKnownFileType = sourcecode.swift; path = RequestManager.swift; sourceTree = "<group>"; };
		0DF414DE2A419E0100B69785 /* MusicAlbumsListViewController.swift */ = {isa = PBXFileReference; lastKnownFileType = sourcecode.swift; path = MusicAlbumsListViewController.swift; sourceTree = "<group>"; };
		0DF414DF2A419E0100B69785 /* MusicAlbumsListViewModel.swift */ = {isa = PBXFileReference; lastKnownFileType = sourcecode.swift; path = MusicAlbumsListViewModel.swift; sourceTree = "<group>"; };
		0DF414E02A419E0100B69785 /* MusicAlbumTableViewCell.swift */ = {isa = PBXFileReference; lastKnownFileType = sourcecode.swift; path = MusicAlbumTableViewCell.swift; sourceTree = "<group>"; };
		0DF414E12A419E0100B69785 /* MusicAlbumsListModel.swift */ = {isa = PBXFileReference; lastKnownFileType = sourcecode.swift; path = MusicAlbumsListModel.swift; sourceTree = "<group>"; };
		0DF414EF2A41B77600B69785 /* sample.json */ = {isa = PBXFileReference; lastKnownFileType = text.json; path = sample.json; sourceTree = "<group>"; };
		0DF414F42A424A5200B69785 /* Base */ = {isa = PBXFileReference; lastKnownFileType = file.storyboard; name = Base; path = Base.lproj/LaunchScreen.storyboard; sourceTree = "<group>"; };
/* End PBXFileReference section */

/* Begin PBXFrameworksBuildPhase section */
		0DDDD7862A3DC85600CC0F12 /* Frameworks */ = {
			isa = PBXFrameworksBuildPhase;
			buildActionMask = 2147483647;
			files = (
				0D4E4FBC2A3FA176004CA3D4 /* DIContainer in Frameworks */,
			);
			runOnlyForDeploymentPostprocessing = 0;
		};
		0DF414AE2A4182E200B69785 /* Frameworks */ = {
			isa = PBXFrameworksBuildPhase;
			buildActionMask = 2147483647;
			files = (
				0DF414AF2A4182E200B69785 /* DIContainer in Frameworks */,
			);
			runOnlyForDeploymentPostprocessing = 0;
		};
/* End PBXFrameworksBuildPhase section */

/* Begin PBXGroup section */
		0D4E4FC02A3FAC5C004CA3D4 /* Errors */ = {
			isa = PBXGroup;
			children = (
				0D4E4FC12A3FAC72004CA3D4 /* ApplicationError.swift */,
			);
			path = Errors;
			sourceTree = "<group>";
		};
		0D7035692A408454005C1B67 /* Extensions */ = {
			isa = PBXGroup;
			children = (
				0DAA9CD12A3EEF2200AB7F5A /* String+Words.swift */,
			);
			path = Extensions;
			sourceTree = "<group>";
		};
		0D70356A2A40846B005C1B67 /* Resources */ = {
			isa = PBXGroup;
			children = (
				0DDDD79A2A3DC85800CC0F12 /* Info.plist */,
				0DF414BA2A4183EF00B69785 /* TeladocQ2_Info.plist */,
				0DDDD7B72A3E20AD00CC0F12 /* Romeo-and-Juliet.txt */,
				0DF414EF2A41B77600B69785 /* sample.json */,
				0DDDD7952A3DC85800CC0F12 /* Assets.xcassets */,
			);
			path = Resources;
			sourceTree = "<group>";
		};
		0D70356B2A40856A005C1B67 /* Application */ = {
			isa = PBXGroup;
			children = (
				0DDDD78C2A3DC85600CC0F12 /* AppDelegate.swift */,
				0DDDD78E2A3DC85600CC0F12 /* SceneDelegate.swift */,
			);
			path = Application;
			sourceTree = "<group>";
		};
		0DDDD7802A3DC85600CC0F12 = {
			isa = PBXGroup;
			children = (
				0DDDD78B2A3DC85600CC0F12 /* TeladocDemo */,
				0DDDD78A2A3DC85600CC0F12 /* Products */,
			);
			sourceTree = "<group>";
		};
		0DDDD78A2A3DC85600CC0F12 /* Products */ = {
			isa = PBXGroup;
			children = (
				0DDDD7892A3DC85600CC0F12 /* TeladocQ1.app */,
				0DF414B82A4182E200B69785 /* TeladocQ2.app */,
			);
			name = Products;
			sourceTree = "<group>";
		};
		0DDDD78B2A3DC85600CC0F12 /* TeladocDemo */ = {
			isa = PBXGroup;
			children = (
				0D70356B2A40856A005C1B67 /* Application */,
				0D70356A2A40846B005C1B67 /* Resources */,
				0D7035692A408454005C1B67 /* Extensions */,
				0D4E4FC02A3FAC5C004CA3D4 /* Errors */,
				0DDDD7AE2A3DF5CF00CC0F12 /* UserInterface */,
				0DDDD7A92A3DF31600CC0F12 /* Coordinators */,
				0DDDD7A02A3DD31900CC0F12 /* Services */,
			);
			path = TeladocDemo;
			sourceTree = "<group>";
		};
		0DDDD7A02A3DD31900CC0F12 /* Services */ = {
			isa = PBXGroup;
			children = (
				0DF414BF2A4190EB00B69785 /* Network */,
				0DDDD7A12A3DD34A00CC0F12 /* DataProvider.swift */,
				0DDDD7A32A3DD47E00CC0F12 /* StorageService.swift */,
				0DDDD7B52A3E0B6300CC0F12 /* SortingMethod.swift */,
			);
			path = Services;
			sourceTree = "<group>";
		};
		0DDDD7A92A3DF31600CC0F12 /* Coordinators */ = {
			isa = PBXGroup;
			children = (
				0D4E4FBD2A3FA19A004CA3D4 /* Dependencies.swift */,
				0DDDD7A72A3DECAB00CC0F12 /* Coordinator.swift */,
				0DDDD7AA2A3DF32B00CC0F12 /* AppCoordinator.swift */,
				0DF414902A41821400B69785 /* Q2 */,
				0DF4148F2A41820400B69785 /* Q1 */,
			);
			path = Coordinators;
			sourceTree = "<group>";
		};
		0DDDD7AE2A3DF5CF00CC0F12 /* UserInterface */ = {
			isa = PBXGroup;
			children = (
				0DF414F22A424A4100B69785 /* Q2 */,
				0DF414F12A424A2900B69785 /* Q1 */,
				0DF414D92A419E0000B69785 /* MusicAlbumsList */,
				0DF414D82A419DE700B69785 /* WordList */,
			);
			path = UserInterface;
			sourceTree = "<group>";
		};
		0DF4148F2A41820400B69785 /* Q1 */ = {
			isa = PBXGroup;
			children = (
				0DF414912A41821400B69785 /* MainFlowCoordinator.swift */,
			);
			path = Q1;
			sourceTree = "<group>";
		};
		0DF414902A41821400B69785 /* Q2 */ = {
			isa = PBXGroup;
			children = (
				0DF414922A41821400B69785 /* MainFlowCoordinator.swift */,
			);
			path = Q2;
			sourceTree = "<group>";
		};
		0DF414BF2A4190EB00B69785 /* Network */ = {
			isa = PBXGroup;
			children = (
				0DF414C62A41929D00B69785 /* ApiRequest.swift */,
				0DF414C72A41929D00B69785 /* ApiResponseStatus.swift */,
				0DF414C92A41929D00B69785 /* HTTPMethod.swift */,
				0DF414C82A41929D00B69785 /* HTTPStatusCode.swift */,
				0DF414CA2A41929E00B69785 /* RequestManager.swift */,
				0DF414C02A41913600B69785 /* NetworkService.swift */,
				0DF414C32A4191A000B69785 /* API.swift */,
			);
			path = Network;
			sourceTree = "<group>";
		};
		0DF414D82A419DE700B69785 /* WordList */ = {
			isa = PBXGroup;
			children = (
				0DDDD7AF2A3DF63B00CC0F12 /* WordListViewController.swift */,
				0DDDD7B12A3DF89500CC0F12 /* WordListModel.swift */,
				0D4E4FB82A3F9C6A004CA3D4 /* WordListViewModel.swift */,
				0DDDD7B32A3E03F700CC0F12 /* DefaultTableViewCell.swift */,
			);
			path = WordList;
			sourceTree = "<group>";
		};
		0DF414D92A419E0000B69785 /* MusicAlbumsList */ = {
			isa = PBXGroup;
			children = (
				0DF414E12A419E0100B69785 /* MusicAlbumsListModel.swift */,
				0DF414E02A419E0100B69785 /* MusicAlbumTableViewCell.swift */,
				0DF414DE2A419E0100B69785 /* MusicAlbumsListViewController.swift */,
				0DF414DF2A419E0100B69785 /* MusicAlbumsListViewModel.swift */,
			);
			path = MusicAlbumsList;
			sourceTree = "<group>";
		};
		0DF414F12A424A2900B69785 /* Q1 */ = {
			isa = PBXGroup;
			children = (
				0DDDD7972A3DC85800CC0F12 /* LaunchScreen.storyboard */,
			);
			path = Q1;
			sourceTree = "<group>";
		};
		0DF414F22A424A4100B69785 /* Q2 */ = {
			isa = PBXGroup;
			children = (
				0DF414F32A424A5200B69785 /* LaunchScreen.storyboard */,
			);
			path = Q2;
			sourceTree = "<group>";
		};
/* End PBXGroup section */

/* Begin PBXNativeTarget section */
		0DDDD7882A3DC85600CC0F12 /* TeladocQ1 */ = {
			isa = PBXNativeTarget;
			buildConfigurationList = 0DDDD79D2A3DC85800CC0F12 /* Build configuration list for PBXNativeTarget "TeladocQ1" */;
			buildPhases = (
				0DDDD7852A3DC85600CC0F12 /* Sources */,
				0DDDD7862A3DC85600CC0F12 /* Frameworks */,
				0DDDD7872A3DC85600CC0F12 /* Resources */,
				0D4E4FBF2A3FA8A9004CA3D4 /* Swiftlint */,
			);
			buildRules = (
			);
			dependencies = (
			);
			name = TeladocQ1;
			packageProductDependencies = (
				0D4E4FBB2A3FA176004CA3D4 /* DIContainer */,
			);
			productName = TeladocDemo;
			productReference = 0DDDD7892A3DC85600CC0F12 /* TeladocQ1.app */;
			productType = "com.apple.product-type.application";
		};
		0DF4149B2A4182E200B69785 /* TeladocQ2 */ = {
			isa = PBXNativeTarget;
			buildConfigurationList = 0DF414B52A4182E200B69785 /* Build configuration list for PBXNativeTarget "TeladocQ2" */;
			buildPhases = (
				0DF4149E2A4182E200B69785 /* Sources */,
				0DF414AE2A4182E200B69785 /* Frameworks */,
				0DF414B02A4182E200B69785 /* Resources */,
				0DF414B42A4182E200B69785 /* Swiftlint */,
			);
			buildRules = (
			);
			dependencies = (
			);
			name = TeladocQ2;
			packageProductDependencies = (
				0DF4149C2A4182E200B69785 /* DIContainer */,
			);
			productName = TeladocDemo;
			productReference = 0DF414B82A4182E200B69785 /* TeladocQ2.app */;
			productType = "com.apple.product-type.application";
		};
/* End PBXNativeTarget section */

/* Begin PBXProject section */
		0DDDD7812A3DC85600CC0F12 /* Project object */ = {
			isa = PBXProject;
			attributes = {
				BuildIndependentTargetsInParallel = 1;
				LastSwiftUpdateCheck = 1430;
				LastUpgradeCheck = 1430;
				TargetAttributes = {
					0DDDD7882A3DC85600CC0F12 = {
						CreatedOnToolsVersion = 14.3;
					};
				};
			};
			buildConfigurationList = 0DDDD7842A3DC85600CC0F12 /* Build configuration list for PBXProject "TeladocDemo" */;
			compatibilityVersion = "Xcode 14.0";
			developmentRegion = en;
			hasScannedForEncodings = 0;
			knownRegions = (
				en,
				Base,
			);
			mainGroup = 0DDDD7802A3DC85600CC0F12;
			packageReferences = (
				0D4E4FBA2A3FA176004CA3D4 /* XCRemoteSwiftPackageReference "DIContainer" */,
			);
			productRefGroup = 0DDDD78A2A3DC85600CC0F12 /* Products */;
			projectDirPath = "";
			projectRoot = "";
			targets = (
				0DDDD7882A3DC85600CC0F12 /* TeladocQ1 */,
				0DF4149B2A4182E200B69785 /* TeladocQ2 */,
			);
		};
/* End PBXProject section */

/* Begin PBXResourcesBuildPhase section */
		0DDDD7872A3DC85600CC0F12 /* Resources */ = {
			isa = PBXResourcesBuildPhase;
			buildActionMask = 2147483647;
			files = (
				0DDDD7992A3DC85800CC0F12 /* LaunchScreen.storyboard in Resources */,
				0DDDD7962A3DC85800CC0F12 /* Assets.xcassets in Resources */,
				0DDDD7B82A3E20AD00CC0F12 /* Romeo-and-Juliet.txt in Resources */,
			);
			runOnlyForDeploymentPostprocessing = 0;
		};
		0DF414B02A4182E200B69785 /* Resources */ = {
			isa = PBXResourcesBuildPhase;
			buildActionMask = 2147483647;
			files = (
				0DF414F02A41B77600B69785 /* sample.json in Resources */,
				0DF414B22A4182E200B69785 /* Assets.xcassets in Resources */,
				0DF414F52A424A5E00B69785 /* LaunchScreen.storyboard in Resources */,
				0DF414B32A4182E200B69785 /* Romeo-and-Juliet.txt in Resources */,
			);
			runOnlyForDeploymentPostprocessing = 0;
		};
/* End PBXResourcesBuildPhase section */

/* Begin PBXShellScriptBuildPhase section */
		0D4E4FBF2A3FA8A9004CA3D4 /* Swiftlint */ = {
			isa = PBXShellScriptBuildPhase;
			buildActionMask = 2147483647;
			files = (
			);
			inputFileListPaths = (
			);
			inputPaths = (
			);
			name = Swiftlint;
			outputFileListPaths = (
			);
			outputPaths = (
			);
			runOnlyForDeploymentPostprocessing = 0;
			shellPath = /bin/sh;
			shellScript = "if [[ \"$(uname -m)\" == arm64 ]]; then\n    export PATH=\"/opt/homebrew/bin:$PATH\"\nfi\n\nif which swiftlint > /dev/null; then\n  swiftlint\nelse\n  echo \"warning: SwiftLint not installed, download from https://github.com/realm/SwiftLint\"\nfi\n";
		};
		0DF414B42A4182E200B69785 /* Swiftlint */ = {
			isa = PBXShellScriptBuildPhase;
			buildActionMask = 2147483647;
			files = (
			);
			inputFileListPaths = (
			);
			inputPaths = (
			);
			name = Swiftlint;
			outputFileListPaths = (
			);
			outputPaths = (
			);
			runOnlyForDeploymentPostprocessing = 0;
			shellPath = /bin/sh;
			shellScript = "if [[ \"$(uname -m)\" == arm64 ]]; then\n    export PATH=\"/opt/homebrew/bin:$PATH\"\nfi\n\nif which swiftlint > /dev/null; then\n  swiftlint\nelse\n  echo \"warning: SwiftLint not installed, download from https://github.com/realm/SwiftLint\"\nfi\n";
		};
/* End PBXShellScriptBuildPhase section */

/* Begin PBXSourcesBuildPhase section */
		0DDDD7852A3DC85600CC0F12 /* Sources */ = {
			isa = PBXSourcesBuildPhase;
			buildActionMask = 2147483647;
			files = (
				0DDDD7B22A3DF89500CC0F12 /* WordListModel.swift in Sources */,
				0DDDD78D2A3DC85600CC0F12 /* AppDelegate.swift in Sources */,
				0DF414D22A41929E00B69785 /* HTTPMethod.swift in Sources */,
				0D4E4FBE2A3FA19A004CA3D4 /* Dependencies.swift in Sources */,
				0DAA9CD22A3EEF2300AB7F5A /* String+Words.swift in Sources */,
				0D4E4FB92A3F9C6A004CA3D4 /* WordListViewModel.swift in Sources */,
				0DF414972A41824800B69785 /* MainFlowCoordinator.swift in Sources */,
				0DF414D42A41929E00B69785 /* RequestManager.swift in Sources */,
				0DDDD7B02A3DF63B00CC0F12 /* WordListViewController.swift in Sources */,
				0DDDD7A82A3DECAB00CC0F12 /* Coordinator.swift in Sources */,
				0DDDD7B62A3E0B6300CC0F12 /* SortingMethod.swift in Sources */,
				0DDDD7A22A3DD34A00CC0F12 /* DataProvider.swift in Sources */,
				0DF414D02A41929E00B69785 /* HTTPStatusCode.swift in Sources */,
				0DF414C12A41913600B69785 /* NetworkService.swift in Sources */,
				0DDDD7B42A3E03F700CC0F12 /* DefaultTableViewCell.swift in Sources */,
				0DDDD78F2A3DC85600CC0F12 /* SceneDelegate.swift in Sources */,
				0DDDD7A42A3DD47E00CC0F12 /* StorageService.swift in Sources */,
				0DF414CC2A41929E00B69785 /* ApiRequest.swift in Sources */,
				0DDDD7AB2A3DF32B00CC0F12 /* AppCoordinator.swift in Sources */,
				0DF414CE2A41929E00B69785 /* ApiResponseStatus.swift in Sources */,
				0DF414C42A4191A000B69785 /* API.swift in Sources */,
				0D4E4FC22A3FAC72004CA3D4 /* ApplicationError.swift in Sources */,
			);
			runOnlyForDeploymentPostprocessing = 0;
		};
		0DF4149E2A4182E200B69785 /* Sources */ = {
			isa = PBXSourcesBuildPhase;
			buildActionMask = 2147483647;
			files = (
				0DF414A02A4182E200B69785 /* AppDelegate.swift in Sources */,
				0DF414D32A41929E00B69785 /* HTTPMethod.swift in Sources */,
				0DF414ED2A419E7C00B69785 /* MusicAlbumTableViewCell.swift in Sources */,
				0DF414A12A4182E200B69785 /* Dependencies.swift in Sources */,
				0DF414A22A4182E200B69785 /* String+Words.swift in Sources */,
				0DF414EE2A41A68300B69785 /* MainFlowCoordinator.swift in Sources */,
				0DF414D52A41929E00B69785 /* RequestManager.swift in Sources */,
				0DF414A62A4182E200B69785 /* Coordinator.swift in Sources */,
				0DF414A72A4182E200B69785 /* SortingMethod.swift in Sources */,
				0DF414EA2A419E7C00B69785 /* MusicAlbumsListViewController.swift in Sources */,
				0DF414A82A4182E200B69785 /* DataProvider.swift in Sources */,
				0DF414D12A41929E00B69785 /* HTTPStatusCode.swift in Sources */,
				0DF414EB2A419E7C00B69785 /* MusicAlbumsListViewModel.swift in Sources */,
				0DF414EC2A419E7C00B69785 /* MusicAlbumsListModel.swift in Sources */,
				0DF414C22A41913600B69785 /* NetworkService.swift in Sources */,
				0DF414AA2A4182E200B69785 /* SceneDelegate.swift in Sources */,
				0DF414AB2A4182E200B69785 /* StorageService.swift in Sources */,
				0DF414CD2A41929E00B69785 /* ApiRequest.swift in Sources */,
				0DF414AC2A4182E200B69785 /* AppCoordinator.swift in Sources */,
				0DF414CF2A41929E00B69785 /* ApiResponseStatus.swift in Sources */,
				0DF414C52A4191A000B69785 /* API.swift in Sources */,
				0DF414AD2A4182E200B69785 /* ApplicationError.swift in Sources */,
			);
			runOnlyForDeploymentPostprocessing = 0;
		};
/* End PBXSourcesBuildPhase section */

/* Begin PBXVariantGroup section */
		0DDDD7972A3DC85800CC0F12 /* LaunchScreen.storyboard */ = {
			isa = PBXVariantGroup;
			children = (
				0DDDD7982A3DC85800CC0F12 /* Base */,
			);
			name = LaunchScreen.storyboard;
			sourceTree = "<group>";
		};
		0DF414F32A424A5200B69785 /* LaunchScreen.storyboard */ = {
			isa = PBXVariantGroup;
			children = (
				0DF414F42A424A5200B69785 /* Base */,
			);
			name = LaunchScreen.storyboard;
			sourceTree = "<group>";
		};
/* End PBXVariantGroup section */

/* Begin XCBuildConfiguration section */
		0DDDD79B2A3DC85800CC0F12 /* Debug */ = {
			isa = XCBuildConfiguration;
			buildSettings = {
				ALWAYS_SEARCH_USER_PATHS = NO;
				CLANG_ANALYZER_NONNULL = YES;
				CLANG_ANALYZER_NUMBER_OBJECT_CONVERSION = YES_AGGRESSIVE;
				CLANG_CXX_LANGUAGE_STANDARD = "gnu++20";
				CLANG_ENABLE_MODULES = YES;
				CLANG_ENABLE_OBJC_ARC = YES;
				CLANG_ENABLE_OBJC_WEAK = YES;
				CLANG_WARN_BLOCK_CAPTURE_AUTORELEASING = YES;
				CLANG_WARN_BOOL_CONVERSION = YES;
				CLANG_WARN_COMMA = YES;
				CLANG_WARN_CONSTANT_CONVERSION = YES;
				CLANG_WARN_DEPRECATED_OBJC_IMPLEMENTATIONS = YES;
				CLANG_WARN_DIRECT_OBJC_ISA_USAGE = YES_ERROR;
				CLANG_WARN_DOCUMENTATION_COMMENTS = YES;
				CLANG_WARN_EMPTY_BODY = YES;
				CLANG_WARN_ENUM_CONVERSION = YES;
				CLANG_WARN_INFINITE_RECURSION = YES;
				CLANG_WARN_INT_CONVERSION = YES;
				CLANG_WARN_NON_LITERAL_NULL_CONVERSION = YES;
				CLANG_WARN_OBJC_IMPLICIT_RETAIN_SELF = YES;
				CLANG_WARN_OBJC_LITERAL_CONVERSION = YES;
				CLANG_WARN_OBJC_ROOT_CLASS = YES_ERROR;
				CLANG_WARN_QUOTED_INCLUDE_IN_FRAMEWORK_HEADER = YES;
				CLANG_WARN_RANGE_LOOP_ANALYSIS = YES;
				CLANG_WARN_STRICT_PROTOTYPES = YES;
				CLANG_WARN_SUSPICIOUS_MOVE = YES;
				CLANG_WARN_UNGUARDED_AVAILABILITY = YES_AGGRESSIVE;
				CLANG_WARN_UNREACHABLE_CODE = YES;
				CLANG_WARN__DUPLICATE_METHOD_MATCH = YES;
				COPY_PHASE_STRIP = NO;
				DEBUG_INFORMATION_FORMAT = dwarf;
				ENABLE_STRICT_OBJC_MSGSEND = YES;
				ENABLE_TESTABILITY = YES;
				GCC_C_LANGUAGE_STANDARD = gnu11;
				GCC_DYNAMIC_NO_PIC = NO;
				GCC_NO_COMMON_BLOCKS = YES;
				GCC_OPTIMIZATION_LEVEL = 0;
				GCC_PREPROCESSOR_DEFINITIONS = (
					"DEBUG=1",
					"$(inherited)",
				);
				GCC_WARN_64_TO_32_BIT_CONVERSION = YES;
				GCC_WARN_ABOUT_RETURN_TYPE = YES_ERROR;
				GCC_WARN_UNDECLARED_SELECTOR = YES;
				GCC_WARN_UNINITIALIZED_AUTOS = YES_AGGRESSIVE;
				GCC_WARN_UNUSED_FUNCTION = YES;
				GCC_WARN_UNUSED_VARIABLE = YES;
				IPHONEOS_DEPLOYMENT_TARGET = 16.4;
				MTL_ENABLE_DEBUG_INFO = INCLUDE_SOURCE;
				MTL_FAST_MATH = YES;
				ONLY_ACTIVE_ARCH = YES;
				SDKROOT = iphoneos;
				SWIFT_ACTIVE_COMPILATION_CONDITIONS = DEBUG;
				SWIFT_OPTIMIZATION_LEVEL = "-Onone";
			};
			name = Debug;
		};
		0DDDD79C2A3DC85800CC0F12 /* Release */ = {
			isa = XCBuildConfiguration;
			buildSettings = {
				ALWAYS_SEARCH_USER_PATHS = NO;
				CLANG_ANALYZER_NONNULL = YES;
				CLANG_ANALYZER_NUMBER_OBJECT_CONVERSION = YES_AGGRESSIVE;
				CLANG_CXX_LANGUAGE_STANDARD = "gnu++20";
				CLANG_ENABLE_MODULES = YES;
				CLANG_ENABLE_OBJC_ARC = YES;
				CLANG_ENABLE_OBJC_WEAK = YES;
				CLANG_WARN_BLOCK_CAPTURE_AUTORELEASING = YES;
				CLANG_WARN_BOOL_CONVERSION = YES;
				CLANG_WARN_COMMA = YES;
				CLANG_WARN_CONSTANT_CONVERSION = YES;
				CLANG_WARN_DEPRECATED_OBJC_IMPLEMENTATIONS = YES;
				CLANG_WARN_DIRECT_OBJC_ISA_USAGE = YES_ERROR;
				CLANG_WARN_DOCUMENTATION_COMMENTS = YES;
				CLANG_WARN_EMPTY_BODY = YES;
				CLANG_WARN_ENUM_CONVERSION = YES;
				CLANG_WARN_INFINITE_RECURSION = YES;
				CLANG_WARN_INT_CONVERSION = YES;
				CLANG_WARN_NON_LITERAL_NULL_CONVERSION = YES;
				CLANG_WARN_OBJC_IMPLICIT_RETAIN_SELF = YES;
				CLANG_WARN_OBJC_LITERAL_CONVERSION = YES;
				CLANG_WARN_OBJC_ROOT_CLASS = YES_ERROR;
				CLANG_WARN_QUOTED_INCLUDE_IN_FRAMEWORK_HEADER = YES;
				CLANG_WARN_RANGE_LOOP_ANALYSIS = YES;
				CLANG_WARN_STRICT_PROTOTYPES = YES;
				CLANG_WARN_SUSPICIOUS_MOVE = YES;
				CLANG_WARN_UNGUARDED_AVAILABILITY = YES_AGGRESSIVE;
				CLANG_WARN_UNREACHABLE_CODE = YES;
				CLANG_WARN__DUPLICATE_METHOD_MATCH = YES;
				COPY_PHASE_STRIP = NO;
				DEBUG_INFORMATION_FORMAT = "dwarf-with-dsym";
				ENABLE_NS_ASSERTIONS = NO;
				ENABLE_STRICT_OBJC_MSGSEND = YES;
				GCC_C_LANGUAGE_STANDARD = gnu11;
				GCC_NO_COMMON_BLOCKS = YES;
				GCC_WARN_64_TO_32_BIT_CONVERSION = YES;
				GCC_WARN_ABOUT_RETURN_TYPE = YES_ERROR;
				GCC_WARN_UNDECLARED_SELECTOR = YES;
				GCC_WARN_UNINITIALIZED_AUTOS = YES_AGGRESSIVE;
				GCC_WARN_UNUSED_FUNCTION = YES;
				GCC_WARN_UNUSED_VARIABLE = YES;
				IPHONEOS_DEPLOYMENT_TARGET = 16.4;
				MTL_ENABLE_DEBUG_INFO = NO;
				MTL_FAST_MATH = YES;
				SDKROOT = iphoneos;
				SWIFT_COMPILATION_MODE = wholemodule;
				SWIFT_OPTIMIZATION_LEVEL = "-O";
				VALIDATE_PRODUCT = YES;
			};
			name = Release;
		};
		0DDDD79E2A3DC85800CC0F12 /* Debug */ = {
			isa = XCBuildConfiguration;
			buildSettings = {
				ASSETCATALOG_COMPILER_APPICON_NAME = AppIcon;
				ASSETCATALOG_COMPILER_GLOBAL_ACCENT_COLOR_NAME = AccentColor;
				CODE_SIGN_STYLE = Automatic;
				CURRENT_PROJECT_VERSION = 1;
				DEVELOPMENT_TEAM = L2HG8KUPMF;
				GENERATE_INFOPLIST_FILE = YES;
				INFOPLIST_FILE = TeladocDemo/Resources/Info.plist;
				INFOPLIST_KEY_UIApplicationSupportsIndirectInputEvents = YES;
				INFOPLIST_KEY_UILaunchStoryboardName = LaunchScreen.storyboard;
				INFOPLIST_KEY_UIMainStoryboardFile = "";
				INFOPLIST_KEY_UISupportedInterfaceOrientations_iPad = "UIInterfaceOrientationPortrait UIInterfaceOrientationPortraitUpsideDown UIInterfaceOrientationLandscapeLeft UIInterfaceOrientationLandscapeRight";
				INFOPLIST_KEY_UISupportedInterfaceOrientations_iPhone = "UIInterfaceOrientationPortrait UIInterfaceOrientationLandscapeLeft UIInterfaceOrientationLandscapeRight";
				LD_RUNPATH_SEARCH_PATHS = (
					"$(inherited)",
					"@executable_path/Frameworks",
				);
				MARKETING_VERSION = 1.0;
				PRODUCT_BUNDLE_IDENTIFIER = one.zhuk.teladocdemo.TeladocDemo;
				PRODUCT_NAME = "$(TARGET_NAME)";
				SWIFT_EMIT_LOC_STRINGS = YES;
				SWIFT_VERSION = 5.0;
				TARGETED_DEVICE_FAMILY = "1,2";
			};
			name = Debug;
		};
		0DDDD79F2A3DC85800CC0F12 /* Release */ = {
			isa = XCBuildConfiguration;
			buildSettings = {
				ASSETCATALOG_COMPILER_APPICON_NAME = AppIcon;
				ASSETCATALOG_COMPILER_GLOBAL_ACCENT_COLOR_NAME = AccentColor;
				CODE_SIGN_STYLE = Automatic;
				CURRENT_PROJECT_VERSION = 1;
				DEVELOPMENT_TEAM = L2HG8KUPMF;
				GENERATE_INFOPLIST_FILE = YES;
				INFOPLIST_FILE = TeladocDemo/Resources/Info.plist;
				INFOPLIST_KEY_UIApplicationSupportsIndirectInputEvents = YES;
				INFOPLIST_KEY_UILaunchStoryboardName = LaunchScreen.storyboard;
				INFOPLIST_KEY_UIMainStoryboardFile = "";
				INFOPLIST_KEY_UISupportedInterfaceOrientations_iPad = "UIInterfaceOrientationPortrait UIInterfaceOrientationPortraitUpsideDown UIInterfaceOrientationLandscapeLeft UIInterfaceOrientationLandscapeRight";
				INFOPLIST_KEY_UISupportedInterfaceOrientations_iPhone = "UIInterfaceOrientationPortrait UIInterfaceOrientationLandscapeLeft UIInterfaceOrientationLandscapeRight";
				LD_RUNPATH_SEARCH_PATHS = (
					"$(inherited)",
					"@executable_path/Frameworks",
				);
				MARKETING_VERSION = 1.0;
				PRODUCT_BUNDLE_IDENTIFIER = one.zhuk.teladocdemo.TeladocDemo;
				PRODUCT_NAME = "$(TARGET_NAME)";
				SWIFT_EMIT_LOC_STRINGS = YES;
				SWIFT_VERSION = 5.0;
				TARGETED_DEVICE_FAMILY = "1,2";
			};
			name = Release;
		};
		0DF414B62A4182E200B69785 /* Debug */ = {
			isa = XCBuildConfiguration;
			buildSettings = {
				ASSETCATALOG_COMPILER_APPICON_NAME = AppIcon;
				ASSETCATALOG_COMPILER_GLOBAL_ACCENT_COLOR_NAME = AccentColor;
				CODE_SIGN_STYLE = Automatic;
				CURRENT_PROJECT_VERSION = 1;
				DEVELOPMENT_TEAM = L2HG8KUPMF;
				GENERATE_INFOPLIST_FILE = YES;
				INFOPLIST_FILE = TeladocDemo/Resources/TeladocQ2_Info.plist;
				INFOPLIST_KEY_UIApplicationSupportsIndirectInputEvents = YES;
				INFOPLIST_KEY_UILaunchStoryboardName = LaunchScreen.storyboard;
				INFOPLIST_KEY_UIMainStoryboardFile = "";
				INFOPLIST_KEY_UISupportedInterfaceOrientations_iPad = "UIInterfaceOrientationPortrait UIInterfaceOrientationPortraitUpsideDown UIInterfaceOrientationLandscapeLeft UIInterfaceOrientationLandscapeRight";
				INFOPLIST_KEY_UISupportedInterfaceOrientations_iPhone = "UIInterfaceOrientationPortrait UIInterfaceOrientationLandscapeLeft UIInterfaceOrientationLandscapeRight";
				LD_RUNPATH_SEARCH_PATHS = (
					"$(inherited)",
					"@executable_path/Frameworks",
				);
				MARKETING_VERSION = 1.0;
				PRODUCT_BUNDLE_IDENTIFIER = one.zhuk.teladocdemo.TeladocDemo;
				PRODUCT_NAME = "$(TARGET_NAME)";
				SWIFT_EMIT_LOC_STRINGS = YES;
				SWIFT_VERSION = 5.0;
				TARGETED_DEVICE_FAMILY = "1,2";
			};
			name = Debug;
		};
		0DF414B72A4182E200B69785 /* Release */ = {
			isa = XCBuildConfiguration;
			buildSettings = {
				ASSETCATALOG_COMPILER_APPICON_NAME = AppIcon;
				ASSETCATALOG_COMPILER_GLOBAL_ACCENT_COLOR_NAME = AccentColor;
				CODE_SIGN_STYLE = Automatic;
				CURRENT_PROJECT_VERSION = 1;
				DEVELOPMENT_TEAM = L2HG8KUPMF;
				GENERATE_INFOPLIST_FILE = YES;
				INFOPLIST_FILE = TeladocDemo/Resources/TeladocQ2_Info.plist;
				INFOPLIST_KEY_UIApplicationSupportsIndirectInputEvents = YES;
				INFOPLIST_KEY_UILaunchStoryboardName = LaunchScreen.storyboard;
				INFOPLIST_KEY_UIMainStoryboardFile = "";
				INFOPLIST_KEY_UISupportedInterfaceOrientations_iPad = "UIInterfaceOrientationPortrait UIInterfaceOrientationPortraitUpsideDown UIInterfaceOrientationLandscapeLeft UIInterfaceOrientationLandscapeRight";
				INFOPLIST_KEY_UISupportedInterfaceOrientations_iPhone = "UIInterfaceOrientationPortrait UIInterfaceOrientationLandscapeLeft UIInterfaceOrientationLandscapeRight";
				LD_RUNPATH_SEARCH_PATHS = (
					"$(inherited)",
					"@executable_path/Frameworks",
				);
				MARKETING_VERSION = 1.0;
				PRODUCT_BUNDLE_IDENTIFIER = one.zhuk.teladocdemo.TeladocDemo;
				PRODUCT_NAME = "$(TARGET_NAME)";
				SWIFT_EMIT_LOC_STRINGS = YES;
				SWIFT_VERSION = 5.0;
				TARGETED_DEVICE_FAMILY = "1,2";
			};
			name = Release;
		};
/* End XCBuildConfiguration section */

/* Begin XCConfigurationList section */
		0DDDD7842A3DC85600CC0F12 /* Build configuration list for PBXProject "TeladocDemo" */ = {
			isa = XCConfigurationList;
			buildConfigurations = (
				0DDDD79B2A3DC85800CC0F12 /* Debug */,
				0DDDD79C2A3DC85800CC0F12 /* Release */,
			);
			defaultConfigurationIsVisible = 0;
			defaultConfigurationName = Release;
		};
		0DDDD79D2A3DC85800CC0F12 /* Build configuration list for PBXNativeTarget "TeladocQ1" */ = {
			isa = XCConfigurationList;
			buildConfigurations = (
				0DDDD79E2A3DC85800CC0F12 /* Debug */,
				0DDDD79F2A3DC85800CC0F12 /* Release */,
			);
			defaultConfigurationIsVisible = 0;
			defaultConfigurationName = Release;
		};
		0DF414B52A4182E200B69785 /* Build configuration list for PBXNativeTarget "TeladocQ2" */ = {
			isa = XCConfigurationList;
			buildConfigurations = (
				0DF414B62A4182E200B69785 /* Debug */,
				0DF414B72A4182E200B69785 /* Release */,
			);
			defaultConfigurationIsVisible = 0;
			defaultConfigurationName = Release;
		};
/* End XCConfigurationList section */

/* Begin XCRemoteSwiftPackageReference section */
		0D4E4FBA2A3FA176004CA3D4 /* XCRemoteSwiftPackageReference "DIContainer" */ = {
			isa = XCRemoteSwiftPackageReference;
			repositoryURL = "https://github.com/Tavernari/DIContainer";
			requirement = {
				kind = upToNextMajorVersion;
				minimumVersion = 0.2.0;
			};
		};
		0DF4149D2A4182E200B69785 /* XCRemoteSwiftPackageReference "DIContainer" */ = {
			isa = XCRemoteSwiftPackageReference;
			repositoryURL = "https://github.com/Tavernari/DIContainer";
			requirement = {
				kind = upToNextMajorVersion;
				minimumVersion = 0.2.0;
			};
		};
/* End XCRemoteSwiftPackageReference section */

/* Begin XCSwiftPackageProductDependency section */
		0D4E4FBB2A3FA176004CA3D4 /* DIContainer */ = {
			isa = XCSwiftPackageProductDependency;
			package = 0D4E4FBA2A3FA176004CA3D4 /* XCRemoteSwiftPackageReference "DIContainer" */;
			productName = DIContainer;
		};
		0DF4149C2A4182E200B69785 /* DIContainer */ = {
			isa = XCSwiftPackageProductDependency;
			package = 0DF4149D2A4182E200B69785 /* XCRemoteSwiftPackageReference "DIContainer" */;
			productName = DIContainer;
		};
/* End XCSwiftPackageProductDependency section */
	};
	rootObject = 0DDDD7812A3DC85600CC0F12 /* Project object */;
}
